
Microsoft Visual Studio Solution File, Format Version 12.00
# Visual Studio Version 16
VisualStudioVersion = 16.0.30204.135
MinimumVisualStudioVersion = 10.0.40219.1
Project("{FAE04EC0-301F-11D3-BF4B-00C04F79EFBC}") = "SGEDICALE", "SGEDICALE\SGEDICALE.csproj", "{E43B0DD0-31BB-4ADE-B430-29059C99889E}"
EndProject
Global
	GlobalSection(SolutionConfigurationPlatforms) = preSolution
		Debug|Any CPU = Debug|Any CPU
		Release|Any CPU = Release|Any CPU
	EndGlobalSection
	GlobalSection(ProjectConfigurationPlatforms) = postSolution
		{E43B0DD0-31BB-4ADE-B430-29059C99889E}.Debug|Any CPU.ActiveCfg = Debug|Any CPU
		{E43B0DD0-31BB-4ADE-B430-29059C99889E}.Debug|Any CPU.Build.0 = Debug|Any CPU
		{E43B0DD0-31BB-4ADE-B430-29059C99889E}.Release|Any CPU.ActiveCfg = Release|Any CPU
		{E43B0DD0-31BB-4ADE-B430-29059C99889E}.Release|Any CPU.Build.0 = Release|Any CPU
	EndGlobalSection
	GlobalSection(SolutionProperties) = preSolution
		HideSolutionNode = FALSE
	EndGlobalSection
	GlobalSection(ExtensibilityGlobals) = postSolution
		SolutionGuid = {692BB98E-405E-43F0-BC77-F316EC1773BE}
	EndGlobalSection
EndGlobal
